<?xml version="1.0" encoding="utf-8"?>
<Project ToolsVersion="4.0" xmlns="http://schemas.microsoft.com/developer/msbuild/2003">
  <ItemGroup>
    <Filter Include="Ressource Files">
      <UniqueIdentifier>{67DA6AB6-F800-4c08-8B7A-83BB121AAD01}</UniqueIdentifier>
      <Extensions>rc;ico;cur;bmp;dlg;rc2;rct;bin;rgs;gif;jpg;jpeg;jpe;resx</Extensions>
    </Filter>
    <Filter Include="Generated Files">
      <UniqueIdentifier>{a7b36c85-5a76-48a4-9339-b6c5aaa1166a}</UniqueIdentifier>
      <SourceControlFiles>False</SourceControlFiles>
    </Filter>
    <Filter Include="Header Files">
      <UniqueIdentifier>{93995380-89BD-4b04-88EB-625FBE52EBFB}</UniqueIdentifier>
      <Extensions>h;hpp;hxx;hm;inl;inc;xsd</Extensions>
    </Filter>
    <Filter Include="Source Files">
      <UniqueIdentifier>{4FC737F1-C7A5-4376-A066-2A32D752A2FF}</UniqueIdentifier>
      <Extensions>cpp;c;cxx;def;odl;idl;hpj;bat;asm;asmx</Extensions>
    </Filter>
    <Filter Include="jwSMTP">
      <UniqueIdentifier>{ead30c61-30f5-4bf4-898d-928cf0eab1d2}</UniqueIdentifier>
    </Filter>
  </ItemGroup>
  <ItemGroup>
    <ClCompile Include="CSHandler.cpp">
      <Filter>Source Files</Filter>
    </ClCompile>
    <ClCompile Include="CSSender.cpp">
      <Filter>Source Files</Filter>
    </ClCompile>
    <ClCompile Include="DBAccess.cpp">
      <Filter>Source Files</Filter>
    </ClCompile>
    <ClCompile Include="DebugSocket.cpp">
      <Filter>Source Files</Filter>
    </ClCompile>
    <ClCompile Include="SSHandler.cpp">
      <Filter>Source Files</Filter>
    </ClCompile>
    <ClCompile Include="stdafx.cpp">
      <Filter>Source Files</Filter>
    </ClCompile>
    <ClCompile Include="TLoginSession.cpp">
      <Filter>Source Files</Filter>
    </ClCompile>
    <ClCompile Include="TLoginSvr.cpp">
      <Filter>Source Files</Filter>
    </ClCompile>
    <ClCompile Include="TUser.cpp">
      <Filter>Source Files</Filter>
    </ClCompile>
    <ClCompile Include="UdpSocket.cpp">
      <Filter>Source Files</Filter>
    </ClCompile>
    <ClCompile Include="TLoginSvr_i.c">
      <Filter>Generated Files</Filter>
    </ClCompile>
    <ClCompile Include="jwsmtp\base64.cpp">
      <Filter>jwSMTP</Filter>
    </ClCompile>
    <ClCompile Include="jwsmtp\compat.cpp">
      <Filter>jwSMTP</Filter>
    </ClCompile>
    <ClCompile Include="jwsmtp\mailer.cpp">
      <Filter>jwSMTP</Filter>
    </ClCompile>
    <ClCompile Include="HwidManagerSvr.cpp">
      <Filter>Source Files</Filter>
    </ClCompile>
  </ItemGroup>
  <ItemGroup>
    <ClInclude Include="DBAccess.h">
      <Filter>Header Files</Filter>
    </ClInclude>
    <ClInclude Include="DebugSocket.h">
      <Filter>Header Files</Filter>
    </ClInclude>
    <ClInclude Include="Resource.h">
      <Filter>Header Files</Filter>
    </ClInclude>
    <ClInclude Include="stdafx.h">
      <Filter>Header Files</Filter>
    </ClInclude>
    <ClInclude Include="TLoginSession.h">
      <Filter>Header Files</Filter>
    </ClInclude>
    <ClInclude Include="TLoginSvrModule.h">
      <Filter>Header Files</Filter>
    </ClInclude>
    <ClInclude Include="TLoginType.h">
      <Filter>Header Files</Filter>
    </ClInclude>
    <ClInclude Include="TUser.h">
      <Filter>Header Files</Filter>
    </ClInclude>
    <ClInclude Include="UdpSocket.h">
      <Filter>Header Files</Filter>
    </ClInclude>
    <ClInclude Include="jwsmtp\base64.h">
      <Filter>jwSMTP</Filter>
    </ClInclude>
    <ClInclude Include="jwsmtp\jwsmtp.h">
      <Filter>jwSMTP</Filter>
    </ClInclude>
    <ClInclude Include="jwsmtp\compat.h">
      <Filter>jwSMTP</Filter>
    </ClInclude>
    <ClInclude Include="jwsmtp\mailer.h">
      <Filter>jwSMTP</Filter>
    </ClInclude>
    <ClInclude Include="..\global\globalinc.h">
      <Filter>Header Files</Filter>
    </ClInclude>
    <ClInclude Include="HwidManagerSvr.h">
      <Filter>Header Files</Filter>
    </ClInclude>
  </ItemGroup>
  <ItemGroup>
    <Midl Include="TLoginSvr.idl">
      <Filter>Source Files</Filter>
    </Midl>
  </ItemGroup>
  <ItemGroup>
    <ResourceCompile Include="TLoginSvr.rc">
      <Filter>Ressource Files</Filter>
    </ResourceCompile>
  </ItemGroup>
  <ItemGroup>
    <None Include="TLoginSvr.rgs">
      <Filter>Ressource Files</Filter>
    </None>
  </ItemGroup>
</Project>