<?xml version="1.0" encoding="utf-8"?>
<Project ToolsVersion="4.0" xmlns="http://schemas.microsoft.com/developer/msbuild/2003">
  <ItemGroup>
    <Filter Include="Source Files">
      <UniqueIdentifier>{88e8931c-ba06-4282-9a43-27293278a70b}</UniqueIdentifier>
      <Extensions>cpp;c;cxx;rc;def;r;odl;idl;hpj;bat</Extensions>
    </Filter>
    <Filter Include="Header Files">
      <UniqueIdentifier>{50337b08-21f7-4777-9493-c3f88593498f}</UniqueIdentifier>
      <Extensions>h;hpp;hxx;hm;inl</Extensions>
    </Filter>
  </ItemGroup>
  <ItemGroup>
    <ClCompile Include="cinterf.cpp">
      <Filter>Source Files</Filter>
    </ClCompile>
    <ClCompile Include="TCML.cpp">
      <Filter>Source Files</Filter>
    </ClCompile>
    <ClCompile Include="TCML.l.cpp">
      <Filter>Source Files</Filter>
    </ClCompile>
    <ClCompile Include="TCMLParser.cpp">
      <Filter>Source Files</Filter>
    </ClCompile>
  </ItemGroup>
  <ItemGroup>
    <ClInclude Include="cinterf.h">
      <Filter>Header Files</Filter>
    </ClInclude>
    <ClInclude Include="TCML.cpp.h">
      <Filter>Header Files</Filter>
    </ClInclude>
    <ClInclude Include="TCML.h">
      <Filter>Header Files</Filter>
    </ClInclude>
    <ClInclude Include="TCMLParser.h">
      <Filter>Header Files</Filter>
    </ClInclude>
  </ItemGroup>
  <ItemGroup>
    <None Include="TCML.l" />
    <None Include="TCML.y" />
  </ItemGroup>
</Project>