<?xml version="1.0" encoding="utf-8"?>
<Project ToolsVersion="4.0" xmlns="http://schemas.microsoft.com/developer/msbuild/2003">
  <ItemGroup>
    <Filter Include="소스 파일">
      <UniqueIdentifier>{4FC737F1-C7A5-4376-A066-2A32D752A2FF}</UniqueIdentifier>
      <Extensions>cpp;c;cxx;def;odl;idl;hpj;bat;asm;asmx</Extensions>
    </Filter>
    <Filter Include="헤더 파일">
      <UniqueIdentifier>{93995380-89BD-4b04-88EB-625FBE52EBFB}</UniqueIdentifier>
      <Extensions>h;hpp;hxx;hm;inl;inc;xsd</Extensions>
    </Filter>
    <Filter Include="리소스 파일">
      <UniqueIdentifier>{67DA6AB6-F800-4c08-8B7A-83BB121AAD01}</UniqueIdentifier>
      <Extensions>rc;ico;cur;bmp;dlg;rc2;rct;bin;rgs;gif;jpg;jpeg;jpe;resx</Extensions>
    </Filter>
  </ItemGroup>
  <ItemGroup>
    <ClCompile Include="Announce.cpp">
      <Filter>소스 파일</Filter>
    </ClCompile>
    <ClCompile Include="AutoPatch.cpp">
      <Filter>소스 파일</Filter>
    </ClCompile>
    <ClCompile Include="CastleSettingDlg.cpp">
      <Filter>소스 파일</Filter>
    </ClCompile>
    <ClCompile Include="CharMsg.cpp">
      <Filter>소스 파일</Filter>
    </ClCompile>
    <ClCompile Include="ChatBanDlg.cpp">
      <Filter>소스 파일</Filter>
    </ClCompile>
    <ClCompile Include="ChatBanList.cpp">
      <Filter>소스 파일</Filter>
    </ClCompile>
    <ClCompile Include="ChildFrm.cpp">
      <Filter>소스 파일</Filter>
    </ClCompile>
    <ClCompile Include="DlgConnect.cpp">
      <Filter>소스 파일</Filter>
    </ClCompile>
    <ClCompile Include="DlgPatchProgress.cpp">
      <Filter>소스 파일</Filter>
    </ClCompile>
    <ClCompile Include="DlgServiceLog.cpp">
      <Filter>소스 파일</Filter>
    </ClCompile>
    <ClCompile Include="DlgUpload.cpp">
      <Filter>소스 파일</Filter>
    </ClCompile>
    <ClCompile Include="DlgUploadProgress.cpp">
      <Filter>소스 파일</Filter>
    </ClCompile>
    <ClCompile Include="EventDlg.cpp">
      <Filter>소스 파일</Filter>
    </ClCompile>
    <ClCompile Include="EventInfo.cpp">
      <Filter>소스 파일</Filter>
    </ClCompile>
    <ClCompile Include="GMToolDlg.cpp">
      <Filter>소스 파일</Filter>
    </ClCompile>
    <ClCompile Include="GuildChange.cpp">
      <Filter>소스 파일</Filter>
    </ClCompile>
    <ClCompile Include="Handler.cpp">
      <Filter>소스 파일</Filter>
    </ClCompile>
    <ClCompile Include="Happy.cpp">
      <Filter>소스 파일</Filter>
    </ClCompile>
    <ClCompile Include="HappyDoc.cpp">
      <Filter>소스 파일</Filter>
    </ClCompile>
    <ClCompile Include="HappyGroup.cpp">
      <Filter>소스 파일</Filter>
    </ClCompile>
    <ClCompile Include="HappySplitter.cpp">
      <Filter>소스 파일</Filter>
    </ClCompile>
    <ClCompile Include="HappyView.cpp">
      <Filter>소스 파일</Filter>
    </ClCompile>
    <ClCompile Include="HelpMessage.cpp">
      <Filter>소스 파일</Filter>
    </ClCompile>
    <ClCompile Include="HSession.cpp">
      <Filter>소스 파일</Filter>
    </ClCompile>
    <ClCompile Include="ItemChgState.cpp">
      <Filter>소스 파일</Filter>
    </ClCompile>
    <ClCompile Include="LocalInit.cpp">
      <Filter>소스 파일</Filter>
    </ClCompile>
    <ClCompile Include="LuckyEventDlg.cpp">
      <Filter>소스 파일</Filter>
    </ClCompile>
    <ClCompile Include="Machine.cpp">
      <Filter>소스 파일</Filter>
    </ClCompile>
    <ClCompile Include="MachineGraph.cpp">
      <Filter>소스 파일</Filter>
    </ClCompile>
    <ClCompile Include="MainFrm.cpp">
      <Filter>소스 파일</Filter>
    </ClCompile>
    <ClCompile Include="MonsterSpawn.cpp">
      <Filter>소스 파일</Filter>
    </ClCompile>
    <ClCompile Include="Packet.cpp">
      <Filter>소스 파일</Filter>
    </ClCompile>
    <ClCompile Include="PatchBar.cpp">
      <Filter>소스 파일</Filter>
    </ClCompile>
    <ClCompile Include="PatchList.cpp">
      <Filter>소스 파일</Filter>
    </ClCompile>
    <ClCompile Include="PosListDlg.cpp">
      <Filter>소스 파일</Filter>
    </ClCompile>
    <ClCompile Include="PreVersion.cpp">
      <Filter>소스 파일</Filter>
    </ClCompile>
    <ClCompile Include="RetDlg.cpp">
      <Filter>소스 파일</Filter>
    </ClCompile>
    <ClCompile Include="RPSGame.cpp">
      <Filter>소스 파일</Filter>
    </ClCompile>
    <ClCompile Include="SavePos.cpp">
      <Filter>소스 파일</Filter>
    </ClCompile>
    <ClCompile Include="Sender.cpp">
      <Filter>소스 파일</Filter>
    </ClCompile>
    <ClCompile Include="ServiceGraph.cpp">
      <Filter>소스 파일</Filter>
    </ClCompile>
    <ClCompile Include="ServiceList.cpp">
      <Filter>소스 파일</Filter>
    </ClCompile>
    <ClCompile Include="ServiceTree.cpp">
      <Filter>소스 파일</Filter>
    </ClCompile>
    <ClCompile Include="stdafx.cpp">
      <Filter>소스 파일</Filter>
    </ClCompile>
    <ClCompile Include="TabCtrlHappy.cpp">
      <Filter>소스 파일</Filter>
    </ClCompile>
    <ClCompile Include="TGiftItem.cpp">
      <Filter>소스 파일</Filter>
    </ClCompile>
    <ClCompile Include="TGiftSet.cpp">
      <Filter>소스 파일</Filter>
    </ClCompile>
    <ClCompile Include="Tournament.cpp">
      <Filter>소스 파일</Filter>
    </ClCompile>
    <ClCompile Include="UserKickout.cpp">
      <Filter>소스 파일</Filter>
    </ClCompile>
    <ClCompile Include="UserMove.cpp">
      <Filter>소스 파일</Filter>
    </ClCompile>
    <ClCompile Include="XListCtrl.cpp">
      <Filter>소스 파일</Filter>
    </ClCompile>
  </ItemGroup>
  <ItemGroup>
    <ClInclude Include="Announce.h">
      <Filter>헤더 파일</Filter>
    </ClInclude>
    <ClInclude Include="AutoPatch.h">
      <Filter>헤더 파일</Filter>
    </ClInclude>
    <ClInclude Include="CastleSettingDlg.h">
      <Filter>헤더 파일</Filter>
    </ClInclude>
    <ClInclude Include="CharMsg.h">
      <Filter>헤더 파일</Filter>
    </ClInclude>
    <ClInclude Include="ChatBanDlg.h">
      <Filter>헤더 파일</Filter>
    </ClInclude>
    <ClInclude Include="ChatBanList.h">
      <Filter>헤더 파일</Filter>
    </ClInclude>
    <ClInclude Include="ChildFrm.h">
      <Filter>헤더 파일</Filter>
    </ClInclude>
    <ClInclude Include="DlgConnect.h">
      <Filter>헤더 파일</Filter>
    </ClInclude>
    <ClInclude Include="DlgPatchProgress.h">
      <Filter>헤더 파일</Filter>
    </ClInclude>
    <ClInclude Include="DlgServiceLog.h">
      <Filter>헤더 파일</Filter>
    </ClInclude>
    <ClInclude Include="DlgUpload.h">
      <Filter>헤더 파일</Filter>
    </ClInclude>
    <ClInclude Include="DlgUploadProgress.h">
      <Filter>헤더 파일</Filter>
    </ClInclude>
    <ClInclude Include="EventDlg.h">
      <Filter>헤더 파일</Filter>
    </ClInclude>
    <ClInclude Include="EventInfo.h">
      <Filter>헤더 파일</Filter>
    </ClInclude>
    <ClInclude Include="GMToolDlg.h">
      <Filter>헤더 파일</Filter>
    </ClInclude>
    <ClInclude Include="GuildChange.h">
      <Filter>헤더 파일</Filter>
    </ClInclude>
    <ClInclude Include="Happy.h">
      <Filter>헤더 파일</Filter>
    </ClInclude>
    <ClInclude Include="HappyDoc.h">
      <Filter>헤더 파일</Filter>
    </ClInclude>
    <ClInclude Include="HappyGroup.h">
      <Filter>헤더 파일</Filter>
    </ClInclude>
    <ClInclude Include="HappySplitter.h">
      <Filter>헤더 파일</Filter>
    </ClInclude>
    <ClInclude Include="HappyView.h">
      <Filter>헤더 파일</Filter>
    </ClInclude>
    <ClInclude Include="HelpMessage.h">
      <Filter>헤더 파일</Filter>
    </ClInclude>
    <ClInclude Include="HSession.h">
      <Filter>헤더 파일</Filter>
    </ClInclude>
    <ClInclude Include="ItemChgState.h">
      <Filter>헤더 파일</Filter>
    </ClInclude>
    <ClInclude Include="LocalInit.h">
      <Filter>헤더 파일</Filter>
    </ClInclude>
    <ClInclude Include="LuckyEventDlg.h">
      <Filter>헤더 파일</Filter>
    </ClInclude>
    <ClInclude Include="Machine.h">
      <Filter>헤더 파일</Filter>
    </ClInclude>
    <ClInclude Include="MachineGraph.h">
      <Filter>헤더 파일</Filter>
    </ClInclude>
    <ClInclude Include="MainFrm.h">
      <Filter>헤더 파일</Filter>
    </ClInclude>
    <ClInclude Include="MonsterSpawn.h">
      <Filter>헤더 파일</Filter>
    </ClInclude>
    <ClInclude Include="Packet.h">
      <Filter>헤더 파일</Filter>
    </ClInclude>
    <ClInclude Include="PatchBar.h">
      <Filter>헤더 파일</Filter>
    </ClInclude>
    <ClInclude Include="PatchList.h">
      <Filter>헤더 파일</Filter>
    </ClInclude>
    <ClInclude Include="PosListDlg.h">
      <Filter>헤더 파일</Filter>
    </ClInclude>
    <ClInclude Include="PreVersion.h">
      <Filter>헤더 파일</Filter>
    </ClInclude>
    <ClInclude Include="Resource.h">
      <Filter>헤더 파일</Filter>
    </ClInclude>
    <ClInclude Include="RetDlg.h">
      <Filter>헤더 파일</Filter>
    </ClInclude>
    <ClInclude Include="RPSGame.h">
      <Filter>헤더 파일</Filter>
    </ClInclude>
    <ClInclude Include="SavePos.h">
      <Filter>헤더 파일</Filter>
    </ClInclude>
    <ClInclude Include="ServiceGraph.h">
      <Filter>헤더 파일</Filter>
    </ClInclude>
    <ClInclude Include="ServiceList.h">
      <Filter>헤더 파일</Filter>
    </ClInclude>
    <ClInclude Include="ServiceTree.h">
      <Filter>헤더 파일</Filter>
    </ClInclude>
    <ClInclude Include="stdafx.h">
      <Filter>헤더 파일</Filter>
    </ClInclude>
    <ClInclude Include="TabCtrlHappy.h">
      <Filter>헤더 파일</Filter>
    </ClInclude>
    <ClInclude Include="TGiftItem.h">
      <Filter>헤더 파일</Filter>
    </ClInclude>
    <ClInclude Include="TGiftSet.h">
      <Filter>헤더 파일</Filter>
    </ClInclude>
    <ClInclude Include="Tournament.h">
      <Filter>헤더 파일</Filter>
    </ClInclude>
    <ClInclude Include="UserKickout.h">
      <Filter>헤더 파일</Filter>
    </ClInclude>
    <ClInclude Include="UserMove.h">
      <Filter>헤더 파일</Filter>
    </ClInclude>
    <ClInclude Include="XListCtrl.h">
      <Filter>헤더 파일</Filter>
    </ClInclude>
    <ClInclude Include="..\..\..\Lib\3rdParty\zlib\include\zlib.h">
      <Filter>헤더 파일</Filter>
    </ClInclude>
    <ClInclude Include="..\..\..\Lib\3rdParty\zlib\include\zconf.h">
      <Filter>헤더 파일</Filter>
    </ClInclude>
    <ClInclude Include="..\..\..\Lib\3rdParty\zlib\include\minizip\zip.h">
      <Filter>헤더 파일</Filter>
    </ClInclude>
  </ItemGroup>
  <ItemGroup>
    <Image Include="res\bitmap1.bmp">
      <Filter>리소스 파일</Filter>
    </Image>
    <Image Include="res\bitmap2.bmp">
      <Filter>리소스 파일</Filter>
    </Image>
    <Image Include="res\bmp00001.bmp">
      <Filter>리소스 파일</Filter>
    </Image>
    <Image Include="res\Earth.ico">
      <Filter>리소스 파일</Filter>
    </Image>
    <Image Include="res\Happy.ico">
      <Filter>리소스 파일</Filter>
    </Image>
    <Image Include="res\HappyDoc.ico">
      <Filter>리소스 파일</Filter>
    </Image>
    <Image Include="res\ico00001.ico">
      <Filter>리소스 파일</Filter>
    </Image>
    <Image Include="res\ico00002.ico">
      <Filter>리소스 파일</Filter>
    </Image>
    <Image Include="res\ico00003.ico">
      <Filter>리소스 파일</Filter>
    </Image>
    <Image Include="res\ico00004.ico">
      <Filter>리소스 파일</Filter>
    </Image>
    <Image Include="res\icon1.ico">
      <Filter>리소스 파일</Filter>
    </Image>
    <Image Include="res\nethood.ico">
      <Filter>리소스 파일</Filter>
    </Image>
    <Image Include="res\nethoodH.ico">
      <Filter>리소스 파일</Filter>
    </Image>
    <Image Include="res\Toolbar.bmp">
      <Filter>리소스 파일</Filter>
    </Image>
    <Image Include="res\toolbar1.bmp">
      <Filter>리소스 파일</Filter>
    </Image>
  </ItemGroup>
  <ItemGroup>
    <ResourceCompile Include="Happy.rc">
      <Filter>리소스 파일</Filter>
    </ResourceCompile>
  </ItemGroup>
  <ItemGroup>
    <None Include="res\Happy.rc2">
      <Filter>리소스 파일</Filter>
    </None>
    <None Include="res\wave1.bin">
      <Filter>리소스 파일</Filter>
    </None>
    <None Include="DlgConnect.htm" />
    <None Include="TGiftSet.htm" />
  </ItemGroup>
  <ItemGroup>
    <Media Include="res\beep.wav" />
  </ItemGroup>
  <ItemGroup>
    <Manifest Include="res\Happy.manifest" />
  </ItemGroup>
  <ItemGroup>
    <Text Include="ReadMe.txt" />
  </ItemGroup>
</Project>