<?xml version="1.0" encoding="utf-8"?>
<Project ToolsVersion="4.0" xmlns="http://schemas.microsoft.com/developer/msbuild/2003">
  <ItemGroup>
    <Filter Include="Ressource Files">
      <UniqueIdentifier>{4bf1aa10-b0e6-11e7-abc4-cec278b6b50a}</UniqueIdentifier>
      <Extensions>rc;ico;cur;bmp;dlg;rc2;rct;bin;rgs;gif;jpg;jpeg;jpe;resx</Extensions>
    </Filter>
    <Filter Include="Generated Files">
      <UniqueIdentifier>{50248ddc-b0e6-11e7-abc4-cec278b6b50a}</UniqueIdentifier>
      <SourceControlFiles>False</SourceControlFiles>
    </Filter>
    <Filter Include="Source Files">
      <UniqueIdentifier>{55f99202-b0e6-11e7-abc4-cec278b6b50a}</UniqueIdentifier>
      <Extensions>cpp;c;cxx;def;odl;idl;hpj;bat;asm;asmx</Extensions>
    </Filter>
    <Filter Include="Header Files">
      <UniqueIdentifier>{5ab7f298-b0e6-11e7-abc4-cec278b6b50a}</UniqueIdentifier>
      <Extensions>h;hpp;hxx;hm;inl;inc;xsd</Extensions>
    </Filter>
  </ItemGroup>
  <ItemGroup>
    <ClCompile Include="TBRSvr_i.c">
      <Filter>Generated Files</Filter>
    </ClCompile>
    <ClCompile Include="..\TMapSvr\QuestCraft.cpp">
      <Filter>Source Files</Filter>
    </ClCompile>
    <ClCompile Include="..\TMapSvr\QuestComplete.cpp">
      <Filter>Source Files</Filter>
    </ClCompile>
    <ClCompile Include="..\TMapSvr\QuestChapterMsg.cpp">
      <Filter>Source Files</Filter>
    </ClCompile>
    <ClCompile Include="..\TMapSvr\Quest.cpp">
      <Filter>Source Files</Filter>
    </ClCompile>
    <ClCompile Include="..\TMapSvr\TMonster.cpp">
      <Filter>Source Files</Filter>
    </ClCompile>
    <ClCompile Include="..\TMapSvr\DebugSocket.cpp">
      <Filter>Source Files</Filter>
    </ClCompile>
    <ClCompile Include="..\TMapSvr\SSSender.cpp">
      <Filter>Source Files</Filter>
    </ClCompile>
    <ClCompile Include="..\TMapSvr\TPlayer.cpp">
      <Filter>Source Files</Filter>
    </ClCompile>
    <ClCompile Include="..\TMapSvr\TTextLinker.cpp">
      <Filter>Source Files</Filter>
    </ClCompile>
    <ClCompile Include="..\TMapSvr\SSHandler.cpp">
      <Filter>Source Files</Filter>
    </ClCompile>
    <ClCompile Include="..\TMapSvr\CSHandler.cpp">
      <Filter>Source Files</Filter>
    </ClCompile>
    <ClCompile Include="..\TMapSvr\CSSender.cpp">
      <Filter>Source Files</Filter>
    </ClCompile>
    <ClCompile Include="..\TMapSvr\QuestGiveItem.cpp">
      <Filter>Source Files</Filter>
    </ClCompile>
    <ClCompile Include="..\TMapSvr\TAICmdRegen.cpp">
      <Filter>Source Files</Filter>
    </ClCompile>
    <ClCompile Include="..\TMapSvr\TMap.cpp">
      <Filter>Source Files</Filter>
    </ClCompile>
    <ClCompile Include="..\TMapSvr\TMapSvr.cpp">
      <Filter>Source Files</Filter>
    </ClCompile>
    <ClCompile Include="..\TMapSvr\TObjBase.cpp">
      <Filter>Source Files</Filter>
    </ClCompile>
    <ClCompile Include="..\TMapSvr\DBAccess.cpp">
      <Filter>Source Files</Filter>
    </ClCompile>
    <ClCompile Include="..\TMapSvr\TRecallMon.cpp">
      <Filter>Source Files</Filter>
    </ClCompile>
    <ClCompile Include="..\TMapSvr\TInven.cpp">
      <Filter>Source Files</Filter>
    </ClCompile>
    <ClCompile Include="..\TMapSvr\TSkillTemp.cpp">
      <Filter>Source Files</Filter>
    </ClCompile>
    <ClCompile Include="..\TMapSvr\TSkill.cpp">
      <Filter>Source Files</Filter>
    </ClCompile>
    <ClCompile Include="..\TMapSvr\TCell.cpp">
      <Filter>Source Files</Filter>
    </ClCompile>
    <ClCompile Include="..\TMapSvr\TAICmdBeginAtk.cpp">
      <Filter>Source Files</Filter>
    </ClCompile>
    <ClCompile Include="..\TMapSvr\TAICmdChgMode.cpp">
      <Filter>Source Files</Filter>
    </ClCompile>
    <ClCompile Include="..\TMapSvr\TAICmdGetaway.cpp">
      <Filter>Source Files</Filter>
    </ClCompile>
    <ClCompile Include="..\TMapSvr\TAICmdFollow.cpp">
      <Filter>Source Files</Filter>
    </ClCompile>
    <ClCompile Include="..\TMapSvr\TCompanionClass.cpp">
      <Filter>Source Files</Filter>
    </ClCompile>
    <ClCompile Include="..\TMapSvr\TSpolecnikMon.cpp">
      <Filter>Source Files</Filter>
    </ClCompile>
    <ClCompile Include="..\TMapSvr\TMapSession.cpp">
      <Filter>Source Files</Filter>
    </ClCompile>
    <ClCompile Include="..\TMapSvr\TTextLinkData.cpp">
      <Filter>Source Files</Filter>
    </ClCompile>
    <ClCompile Include="..\TMapSvr\TItem.cpp">
      <Filter>Source Files</Filter>
    </ClCompile>
    <ClCompile Include="..\TMapSvr\Log.cpp">
      <Filter>Source Files</Filter>
    </ClCompile>
    <ClCompile Include="..\TMapSvr\TAICmdRoam.cpp">
      <Filter>Source Files</Filter>
    </ClCompile>
    <ClCompile Include="..\TMapSvr\UdpSocket.cpp">
      <Filter>Source Files</Filter>
    </ClCompile>
    <ClCompile Include="..\TMapSvr\TSelfObj.cpp">
      <Filter>Source Files</Filter>
    </ClCompile>
    <ClCompile Include="..\TMapSvr\TNpc.cpp">
      <Filter>Source Files</Filter>
    </ClCompile>
    <ClCompile Include="..\TMapSvr\TMonsterAI.cpp">
      <Filter>Source Files</Filter>
    </ClCompile>
    <ClCompile Include="..\TMapSvr\TMonSpawn.cpp">
      <Filter>Source Files</Filter>
    </ClCompile>
    <ClCompile Include="..\TMapSvr\TMiniDump.cpp">
      <Filter>Source Files</Filter>
    </ClCompile>
    <ClCompile Include="..\TMapSvr\TChannel.cpp">
      <Filter>Source Files</Filter>
    </ClCompile>
    <ClCompile Include="..\TMapSvr\TAICommand.cpp">
      <Filter>Source Files</Filter>
    </ClCompile>
    <ClCompile Include="..\TMapSvr\TAICmdSetHost.cpp">
      <Filter>Source Files</Filter>
    </ClCompile>
    <ClCompile Include="..\TMapSvr\TAICmdRemove.cpp">
      <Filter>Source Files</Filter>
    </ClCompile>
    <ClCompile Include="..\TMapSvr\TAICmdRefill.cpp">
      <Filter>Source Files</Filter>
    </ClCompile>
    <ClCompile Include="..\TMapSvr\TAICmdLottery.cpp">
      <Filter>Source Files</Filter>
    </ClCompile>
    <ClCompile Include="..\TMapSvr\TAICmdLeave.cpp">
      <Filter>Source Files</Filter>
    </ClCompile>
    <ClCompile Include="..\TMapSvr\TAICmdGohome.cpp">
      <Filter>Source Files</Filter>
    </ClCompile>
    <ClCompile Include="..\TMapSvr\TAICmdChkHost.cpp">
      <Filter>Source Files</Filter>
    </ClCompile>
    <ClCompile Include="..\TMapSvr\TAICmdChgHost.cpp">
      <Filter>Source Files</Filter>
    </ClCompile>
    <ClCompile Include="..\TMapSvr\TAICmdAttack.cpp">
      <Filter>Source Files</Filter>
    </ClCompile>
    <ClCompile Include="..\TMapSvr\QuestTeleport.cpp">
      <Filter>Source Files</Filter>
    </ClCompile>
    <ClCompile Include="..\TMapSvr\QuestTalk.cpp">
      <Filter>Source Files</Filter>
    </ClCompile>
    <ClCompile Include="..\TMapSvr\QuestSwitch.cpp">
      <Filter>Source Files</Filter>
    </ClCompile>
    <ClCompile Include="..\TMapSvr\QuestSpawnMon.cpp">
      <Filter>Source Files</Filter>
    </ClCompile>
    <ClCompile Include="..\TMapSvr\QuestSendPost.cpp">
      <Filter>Source Files</Filter>
    </ClCompile>
    <ClCompile Include="..\TMapSvr\QuestRouting.cpp">
      <Filter>Source Files</Filter>
    </ClCompile>
    <ClCompile Include="..\TMapSvr\QuestRegen.cpp">
      <Filter>Source Files</Filter>
    </ClCompile>
    <ClCompile Include="..\TMapSvr\QuestMission.cpp">
      <Filter>Source Files</Filter>
    </ClCompile>
    <ClCompile Include="..\TMapSvr\QuestGiveSkill.cpp">
      <Filter>Source Files</Filter>
    </ClCompile>
    <ClCompile Include="..\TMapSvr\QuestDropItem.cpp">
      <Filter>Source Files</Filter>
    </ClCompile>
    <ClCompile Include="..\TMapSvr\QuestDrop.cpp">
      <Filter>Source Files</Filter>
    </ClCompile>
    <ClCompile Include="..\TMapSvr\QuestDieMon.cpp">
      <Filter>Source Files</Filter>
    </ClCompile>
    <ClCompile Include="..\TMapSvr\QuestDeleteItem.cpp">
      <Filter>Source Files</Filter>
    </ClCompile>
    <ClCompile Include="..\TMapSvr\QuestDefendSkill.cpp">
      <Filter>Source Files</Filter>
    </ClCompile>
    <ClCompile Include="..\TMapSvr\QuestDefaultTalk.cpp">
      <Filter>Source Files</Filter>
    </ClCompile>
  </ItemGroup>
  <ItemGroup>
    <Midl Include="TBRSvr.idl">
      <Filter>Source Files</Filter>
    </Midl>
  </ItemGroup>
  <ItemGroup>
    <ResourceCompile Include="TBRSvr.rc">
      <Filter>Ressource Files</Filter>
    </ResourceCompile>
  </ItemGroup>
  <ItemGroup>
    <None Include="TBRSvr.rgs">
      <Filter>Ressource Files</Filter>
    </None>
  </ItemGroup>
  <ItemGroup>
    <ClInclude Include="..\TMapSvr\TPlayer.h">
      <Filter>Header Files</Filter>
    </ClInclude>
    <ClInclude Include="..\TMapSvr\TMapSvrModule.h">
      <Filter>Header Files</Filter>
    </ClInclude>
    <ClInclude Include="..\TMapSvr\TBowSettings.h">
      <Filter>Header Files</Filter>
    </ClInclude>
    <ClInclude Include="..\TMapSvr\TInven.h">
      <Filter>Header Files</Filter>
    </ClInclude>
    <ClInclude Include="..\TMapSvr\TSkill.h">
      <Filter>Header Files</Filter>
    </ClInclude>
    <ClInclude Include="..\TMapSvr\TSkillTemp.h">
      <Filter>Header Files</Filter>
    </ClInclude>
    <ClInclude Include="..\TMapSvr\TMapType.h">
      <Filter>Header Files</Filter>
    </ClInclude>
    <ClInclude Include="..\TMapSvr\TObjBase.h">
      <Filter>Header Files</Filter>
    </ClInclude>
    <ClInclude Include="..\TMapSvr\QuestGiveSkill.h">
      <Filter>Header Files</Filter>
    </ClInclude>
    <ClInclude Include="..\TMapSvr\TCompanionClass.h">
      <Filter>Header Files</Filter>
    </ClInclude>
    <ClInclude Include="..\TMapSvr\TRecallMon.h">
      <Filter>Header Files</Filter>
    </ClInclude>
    <ClInclude Include="..\TMapSvr\TSpolecnikMon.h">
      <Filter>Header Files</Filter>
    </ClInclude>
    <ClInclude Include="..\TMapSvr\TMapSession.h">
      <Filter>Header Files</Filter>
    </ClInclude>
    <ClInclude Include="..\TMapSvr\DebugSocket.h">
      <Filter>Header Files</Filter>
    </ClInclude>
    <ClInclude Include="..\TMapSvr\TCell.h">
      <Filter>Header Files</Filter>
    </ClInclude>
    <ClInclude Include="..\TMapSvr\TMap.h">
      <Filter>Header Files</Filter>
    </ClInclude>
    <ClInclude Include="..\TMapSvr\Log.h">
      <Filter>Header Files</Filter>
    </ClInclude>
    <ClInclude Include="..\TMapSvr\UdpSocket.h">
      <Filter>Header Files</Filter>
    </ClInclude>
    <ClInclude Include="..\TMapSvr\TTextLinker.h">
      <Filter>Header Files</Filter>
    </ClInclude>
    <ClInclude Include="..\TMapSvr\TTextLinkData.h">
      <Filter>Header Files</Filter>
    </ClInclude>
    <ClInclude Include="..\TMapSvr\TSelfObj.h">
      <Filter>Header Files</Filter>
    </ClInclude>
    <ClInclude Include="..\TMapSvr\TNpc.h">
      <Filter>Header Files</Filter>
    </ClInclude>
    <ClInclude Include="..\TMapSvr\TMonsterAI.h">
      <Filter>Header Files</Filter>
    </ClInclude>
    <ClInclude Include="..\TMapSvr\TMonster.h">
      <Filter>Header Files</Filter>
    </ClInclude>
    <ClInclude Include="..\TMapSvr\TMonSpawn.h">
      <Filter>Header Files</Filter>
    </ClInclude>
    <ClInclude Include="..\TMapSvr\TMiniDump.h">
      <Filter>Header Files</Filter>
    </ClInclude>
    <ClInclude Include="..\TMapSvr\TItem.h">
      <Filter>Header Files</Filter>
    </ClInclude>
    <ClInclude Include="..\TMapSvr\TChannel.h">
      <Filter>Header Files</Filter>
    </ClInclude>
    <ClInclude Include="..\TMapSvr\TAICommand.h">
      <Filter>Header Files</Filter>
    </ClInclude>
    <ClInclude Include="..\TMapSvr\TAICmdSetHost.h">
      <Filter>Header Files</Filter>
    </ClInclude>
    <ClInclude Include="..\TMapSvr\TAICmdRoam.h">
      <Filter>Header Files</Filter>
    </ClInclude>
    <ClInclude Include="..\TMapSvr\TAICmdRemove.h">
      <Filter>Header Files</Filter>
    </ClInclude>
    <ClInclude Include="..\TMapSvr\TAICmdRegen.h">
      <Filter>Header Files</Filter>
    </ClInclude>
    <ClInclude Include="..\TMapSvr\TAICmdRefill.h">
      <Filter>Header Files</Filter>
    </ClInclude>
    <ClInclude Include="..\TMapSvr\TAICmdLottery.h">
      <Filter>Header Files</Filter>
    </ClInclude>
    <ClInclude Include="..\TMapSvr\TAICmdLeave.h">
      <Filter>Header Files</Filter>
    </ClInclude>
    <ClInclude Include="..\TMapSvr\TAICmdGohome.h">
      <Filter>Header Files</Filter>
    </ClInclude>
    <ClInclude Include="..\TMapSvr\TAICmdGetaway.h">
      <Filter>Header Files</Filter>
    </ClInclude>
    <ClInclude Include="..\TMapSvr\TAICmdFollow.h">
      <Filter>Header Files</Filter>
    </ClInclude>
    <ClInclude Include="..\TMapSvr\TAICmdChkHost.h">
      <Filter>Header Files</Filter>
    </ClInclude>
    <ClInclude Include="..\TMapSvr\TAICmdChgMode.h">
      <Filter>Header Files</Filter>
    </ClInclude>
    <ClInclude Include="..\TMapSvr\TAICmdChgHost.h">
      <Filter>Header Files</Filter>
    </ClInclude>
    <ClInclude Include="..\TMapSvr\TAICmdBeginAtk.h">
      <Filter>Header Files</Filter>
    </ClInclude>
    <ClInclude Include="..\TMapSvr\TAICmdAttack.h">
      <Filter>Header Files</Filter>
    </ClInclude>
    <ClInclude Include="..\TMapSvr\Resource.h">
      <Filter>Header Files</Filter>
    </ClInclude>
    <ClInclude Include="..\TMapSvr\QuestTeleport.h">
      <Filter>Header Files</Filter>
    </ClInclude>
    <ClInclude Include="..\TMapSvr\QuestTalk.h">
      <Filter>Header Files</Filter>
    </ClInclude>
    <ClInclude Include="..\TMapSvr\QuestSwitch.h">
      <Filter>Header Files</Filter>
    </ClInclude>
    <ClInclude Include="..\TMapSvr\QuestSpawnMon.h">
      <Filter>Header Files</Filter>
    </ClInclude>
    <ClInclude Include="..\TMapSvr\QuestSendPost.h">
      <Filter>Header Files</Filter>
    </ClInclude>
    <ClInclude Include="..\TMapSvr\QuestRouting.h">
      <Filter>Header Files</Filter>
    </ClInclude>
    <ClInclude Include="..\TMapSvr\QuestRegen.h">
      <Filter>Header Files</Filter>
    </ClInclude>
    <ClInclude Include="..\TMapSvr\QuestMission.h">
      <Filter>Header Files</Filter>
    </ClInclude>
    <ClInclude Include="..\TMapSvr\QuestGiveItem.h">
      <Filter>Header Files</Filter>
    </ClInclude>
    <ClInclude Include="..\TMapSvr\QuestDropItem.h">
      <Filter>Header Files</Filter>
    </ClInclude>
    <ClInclude Include="..\TMapSvr\QuestDrop.h">
      <Filter>Header Files</Filter>
    </ClInclude>
    <ClInclude Include="..\TMapSvr\QuestDieMon.h">
      <Filter>Header Files</Filter>
    </ClInclude>
    <ClInclude Include="..\TMapSvr\QuestDeleteItem.h">
      <Filter>Header Files</Filter>
    </ClInclude>
    <ClInclude Include="..\TMapSvr\QuestDefendSkill.h">
      <Filter>Header Files</Filter>
    </ClInclude>
    <ClInclude Include="..\TMapSvr\QuestDefaultTalk.h">
      <Filter>Header Files</Filter>
    </ClInclude>
    <ClInclude Include="..\TMapSvr\QuestCraft.h">
      <Filter>Header Files</Filter>
    </ClInclude>
    <ClInclude Include="..\TMapSvr\QuestComplete.h">
      <Filter>Header Files</Filter>
    </ClInclude>
    <ClInclude Include="..\TMapSvr\QuestChapterMsg.h">
      <Filter>Header Files</Filter>
    </ClInclude>
    <ClInclude Include="..\TMapSvr\Quest.h">
      <Filter>Header Files</Filter>
    </ClInclude>
    <ClInclude Include="..\TMapSvr\DBAccess.h">
      <Filter>Header Files</Filter>
    </ClInclude>
    <ClInclude Include="..\TMapSvr\stdafx.h">
      <Filter>Header Files</Filter>
    </ClInclude>
    <ClInclude Include="..\TMapSvr\BRSettings.h">
      <Filter>Header Files</Filter>
    </ClInclude>
  </ItemGroup>
</Project>